
Microsoft Visual Studio Solution File, Format Version 12.00
#
Project("{FAE04EC0-301F-11D3-BF4B-00C04F79EFBC}") = "Kidpaor", "Kidpaor\Kidpaor.csproj", "{B69177BA-D89E-48D3-B340-CD0239CCB283}"
EndProject
Project("{FAE04EC0-301F-11D3-BF4B-00C04F79EFBC}") = "Core", "Core\Core.csproj", "{BF761445-DBF6-477E-AE97-ED2853BBBED2}"
EndProject
Project("{FAE04EC0-301F-11D3-BF4B-00C04F79EFBC}") = "Infrastructure", "Infrastructure\Infrastructure.csproj", "{5258FA6C-0DA4-4D1C-9188-96147F0197A1}"
EndProject
Project("{FAE04EC0-301F-11D3-BF4B-00C04F79EFBC}") = "Kidpaor.UnitTests", "Kidpaor.UnitTests\Kidpaor.UnitTests.csproj", "{4377254C-3BC4-42A3-9759-312380AD6893}"
EndProject
Global
	GlobalSection(SolutionConfigurationPlatforms) = preSolution
		Debug|Any CPU = Debug|Any CPU
		Release|Any CPU = Release|Any CPU
	EndGlobalSection
	GlobalSection(ProjectConfigurationPlatforms) = postSolution
		{B69177BA-D89E-48D3-B340-CD0239CCB283}.Debug|Any CPU.ActiveCfg = Debug|Any CPU
		{B69177BA-D89E-48D3-B340-CD0239CCB283}.Debug|Any CPU.Build.0 = Debug|Any CPU
		{B69177BA-D89E-48D3-B340-CD0239CCB283}.Release|Any CPU.ActiveCfg = Release|Any CPU
		{B69177BA-D89E-48D3-B340-CD0239CCB283}.Release|Any CPU.Build.0 = Release|Any CPU
		{BF761445-DBF6-477E-AE97-ED2853BBBED2}.Debug|Any CPU.ActiveCfg = Debug|Any CPU
		{BF761445-DBF6-477E-AE97-ED2853BBBED2}.Debug|Any CPU.Build.0 = Debug|Any CPU
		{BF761445-DBF6-477E-AE97-ED2853BBBED2}.Release|Any CPU.ActiveCfg = Release|Any CPU
		{BF761445-DBF6-477E-AE97-ED2853BBBED2}.Release|Any CPU.Build.0 = Release|Any CPU
		{5258FA6C-0DA4-4D1C-9188-96147F0197A1}.Debug|Any CPU.ActiveCfg = Debug|Any CPU
		{5258FA6C-0DA4-4D1C-9188-96147F0197A1}.Debug|Any CPU.Build.0 = Debug|Any CPU
		{5258FA6C-0DA4-4D1C-9188-96147F0197A1}.Release|Any CPU.ActiveCfg = Release|Any CPU
		{5258FA6C-0DA4-4D1C-9188-96147F0197A1}.Release|Any CPU.Build.0 = Release|Any CPU
		{4377254C-3BC4-42A3-9759-312380AD6893}.Debug|Any CPU.ActiveCfg = Debug|Any CPU
		{4377254C-3BC4-42A3-9759-312380AD6893}.Debug|Any CPU.Build.0 = Debug|Any CPU
		{4377254C-3BC4-42A3-9759-312380AD6893}.Release|Any CPU.ActiveCfg = Release|Any CPU
		{4377254C-3BC4-42A3-9759-312380AD6893}.Release|Any CPU.Build.0 = Release|Any CPU
	EndGlobalSection
EndGlobal
